
Microsoft Visual Studio Solution File, Format Version 12.00
# Visual Studio Version 17
VisualStudioVersion = 17.14.36518.9 d17.14
MinimumVisualStudioVersion = 10.0.40219.1
Project("{FAE04EC0-301F-11D3-BF4B-00C04F79EFBC}") = "SqlXl", "SqlXl.csproj", "{E8119CA4-D3D6-331F-0579-20F1EDE41178}"
EndProject
Global
	GlobalSection(SolutionConfigurationPlatforms) = preSolution
		Debug|Any CPU = Debug|Any CPU
		Release|Any CPU = Release|Any CPU
	EndGlobalSection
	GlobalSection(ProjectConfigurationPlatforms) = postSolution
		{E8119CA4-D3D6-331F-0579-20F1EDE41178}.Debug|Any CPU.ActiveCfg = Debug|Any CPU
		{E8119CA4-D3D6-331F-0579-20F1EDE41178}.Debug|Any CPU.Build.0 = Debug|Any CPU
		{E8119CA4-D3D6-331F-0579-20F1EDE41178}.Release|Any CPU.ActiveCfg = Release|Any CPU
		{E8119CA4-D3D6-331F-0579-20F1EDE41178}.Release|Any CPU.Build.0 = Release|Any CPU
	EndGlobalSection
	GlobalSection(SolutionProperties) = preSolution
		HideSolutionNode = FALSE
	EndGlobalSection
	GlobalSection(ExtensibilityGlobals) = postSolution
		SolutionGuid = {4F46DF8F-2D8A-4A83-9842-69F67B919745}
	EndGlobalSection
EndGlobal
